
Microsoft Visual Studio Solution File, Format Version 11.00
# Visual Studio 2010
Project("{FAE04EC0-301F-11D3-BF4B-00C04F79EFBC}") = "Unity.Timeline", "Unity.Timeline.csproj", "{db0ee3e4-de47-2fa5-6bcf-ede762baba72}"
EndProject
Project("{FAE04EC0-301F-11D3-BF4B-00C04F79EFBC}") = "StreamChat.Core", "StreamChat.Core.csproj", "{7851c2d2-dfab-91ee-b94d-cf83cabe4478}"
EndProject
Project("{FAE04EC0-301F-11D3-BF4B-00C04F79EFBC}") = "Unity.2D.Aseprite.Editor", "Unity.2D.Aseprite.Editor.csproj", "{dff07de5-b741-511f-f85b-018ea99cc9fd}"
EndProject
Project("{FAE04EC0-301F-11D3-BF4B-00C04F79EFBC}") = "Unity.Localization", "Unity.Localization.csproj", "{918e621d-2c45-509d-a562-f4b390d8fb0a}"
EndProject
Project("{FAE04EC0-301F-11D3-BF4B-00C04F79EFBC}") = "Unity.VisualScripting.Flow", "Unity.VisualScripting.Flow.csproj", "{75a447f3-4592-975d-45de-380665801273}"
EndProject
Project("{FAE04EC0-301F-11D3-BF4B-00C04F79EFBC}") = "Unity.Localization.Editor", "Unity.Localization.Editor.csproj", "{c187491f-5e76-1218-75f6-d10a314b9aa5}"
EndProject
Project("{FAE04EC0-301F-11D3-BF4B-00C04F79EFBC}") = "Assembly-CSharp", "Assembly-CSharp.csproj", "{337a9331-98f4-e0dd-1002-5af0275e0d7f}"
EndProject
Project("{FAE04EC0-301F-11D3-BF4B-00C04F79EFBC}") = "Unity.Timeline.Editor", "Unity.Timeline.Editor.csproj", "{408f1560-f94f-833a-6671-bf4bf91fb1b7}"
EndProject
Project("{FAE04EC0-301F-11D3-BF4B-00C04F79EFBC}") = "Unity.PlasticSCM.Editor", "Unity.PlasticSCM.Editor.csproj", "{abe4fcb6-44de-a923-253c-2e598b4ef9a4}"
EndProject
Project("{FAE04EC0-301F-11D3-BF4B-00C04F79EFBC}") = "Unity.ScriptableBuildPipeline.Editor", "Unity.ScriptableBuildPipeline.Editor.csproj", "{c514021f-81eb-a0ab-586d-130967a3baa6}"
EndProject
Project("{FAE04EC0-301F-11D3-BF4B-00C04F79EFBC}") = "PhotonChat", "PhotonChat.csproj", "{5b6bb5f8-52f9-b753-eca9-ffc68bb30d3d}"
EndProject
Project("{FAE04EC0-301F-11D3-BF4B-00C04F79EFBC}") = "StreamChat.Libs", "StreamChat.Libs.csproj", "{c85b5d9b-44f4-099b-3c56-2155b748eba1}"
EndProject
Project("{FAE04EC0-301F-11D3-BF4B-00C04F79EFBC}") = "Unity.Mathematics", "Unity.Mathematics.csproj", "{e628f587-d77a-c927-c93d-ae8a001952d8}"
EndProject
Project("{FAE04EC0-301F-11D3-BF4B-00C04F79EFBC}") = "Unity.2D.Common.Path.Editor", "Unity.2D.Common.Path.Editor.csproj", "{2111a548-54c9-d331-8260-46b1333da697}"
EndProject
Project("{FAE04EC0-301F-11D3-BF4B-00C04F79EFBC}") = "Unity.Addressables.Editor", "Unity.Addressables.Editor.csproj", "{45ef0502-332d-e274-5e29-0aae13ca2597}"
EndProject
Project("{FAE04EC0-301F-11D3-BF4B-00C04F79EFBC}") = "Unity.2D.Psdimporter.Editor", "Unity.2D.Psdimporter.Editor.csproj", "{21716749-4511-1bb7-7c01-1a60433723ec}"
EndProject
Project("{FAE04EC0-301F-11D3-BF4B-00C04F79EFBC}") = "Unity.2D.IK.Runtime", "Unity.2D.IK.Runtime.csproj", "{328b6bcb-c0fa-b82e-5a95-2d4442863f11}"
EndProject
Project("{FAE04EC0-301F-11D3-BF4B-00C04F79EFBC}") = "Unity.VisualScripting.Core.Editor", "Unity.VisualScripting.Core.Editor.csproj", "{06e5dfc0-9767-560d-54f6-c2698e6eb1c6}"
EndProject
Project("{FAE04EC0-301F-11D3-BF4B-00C04F79EFBC}") = "UnityEditor.TestRunner", "UnityEditor.TestRunner.csproj", "{2fb98402-3afa-16c4-edfd-5622e76d3e95}"
EndProject
Project("{FAE04EC0-301F-11D3-BF4B-00C04F79EFBC}") = "StreamChat.SampleProject", "StreamChat.SampleProject.csproj", "{019be17f-49db-e213-bc1d-bc21ebdc3a3e}"
EndProject
Project("{FAE04EC0-301F-11D3-BF4B-00C04F79EFBC}") = "StreamChat.Tests", "StreamChat.Tests.csproj", "{4e8722fb-35bf-e891-445b-838e8080bc6a}"
EndProject
Project("{FAE04EC0-301F-11D3-BF4B-00C04F79EFBC}") = "Unity.TextMeshPro.Editor", "Unity.TextMeshPro.Editor.csproj", "{ad777a38-1b42-0bd9-22a8-53052b885db6}"
EndProject
Project("{FAE04EC0-301F-11D3-BF4B-00C04F79EFBC}") = "UnityEngine.TestRunner", "UnityEngine.TestRunner.csproj", "{18a84375-c95b-cf90-bdc4-86b5957d7368}"
EndProject
Project("{FAE04EC0-301F-11D3-BF4B-00C04F79EFBC}") = "Unity.VisualScripting.Core", "Unity.VisualScripting.Core.csproj", "{9305f469-d54b-6875-5628-a5056d35b946}"
EndProject
Project("{FAE04EC0-301F-11D3-BF4B-00C04F79EFBC}") = "Unity.VisualScripting.Flow.Editor", "Unity.VisualScripting.Flow.Editor.csproj", "{fc11d0d3-e95b-d0ff-e964-f0861ec24c09}"
EndProject
Project("{FAE04EC0-301F-11D3-BF4B-00C04F79EFBC}") = "Unity.Burst", "Unity.Burst.csproj", "{722763a1-131b-e711-9082-4deb724e2cff}"
EndProject
Project("{FAE04EC0-301F-11D3-BF4B-00C04F79EFBC}") = "Fusion.Unity.Editor", "Fusion.Unity.Editor.csproj", "{94804192-5e94-4ef3-f1f2-d5bc30a68f6d}"
EndProject
Project("{FAE04EC0-301F-11D3-BF4B-00C04F79EFBC}") = "PsdPlugin", "PsdPlugin.csproj", "{c9d081d3-eb48-596c-cbdf-ca06d7e1c5f4}"
EndProject
Project("{FAE04EC0-301F-11D3-BF4B-00C04F79EFBC}") = "PhotonRealtime", "PhotonRealtime.csproj", "{fdd770ec-2201-ebe9-5605-1221bbb08a14}"
EndProject
Project("{FAE04EC0-301F-11D3-BF4B-00C04F79EFBC}") = "Unity.AI.Navigation.Editor", "Unity.AI.Navigation.Editor.csproj", "{66e0fda2-c0c8-8be7-1249-ffd1d01f8d8a}"
EndProject
Project("{FAE04EC0-301F-11D3-BF4B-00C04F79EFBC}") = "Unity.Collections", "Unity.Collections.csproj", "{8fd5d488-28e8-c21b-3f54-75c32cf162ed}"
EndProject
Project("{FAE04EC0-301F-11D3-BF4B-00C04F79EFBC}") = "Cinemachine", "Cinemachine.csproj", "{f5b37189-5261-83b6-8afc-f4bd6bcaa8c8}"
EndProject
Project("{FAE04EC0-301F-11D3-BF4B-00C04F79EFBC}") = "Unity.2D.Animation.Editor", "Unity.2D.Animation.Editor.csproj", "{6c75fda5-e3e0-a26a-15fb-19806c30b4ac}"
EndProject
Project("{FAE04EC0-301F-11D3-BF4B-00C04F79EFBC}") = "Unity.2D.SpriteShape.Editor", "Unity.2D.SpriteShape.Editor.csproj", "{70db922e-2c1c-bd52-4fad-d4f2306412d8}"
EndProject
Project("{FAE04EC0-301F-11D3-BF4B-00C04F79EFBC}") = "Unity.VisualStudio.Editor", "Unity.VisualStudio.Editor.csproj", "{052cbe36-dfa4-666a-4087-b0d94deec294}"
EndProject
Project("{FAE04EC0-301F-11D3-BF4B-00C04F79EFBC}") = "Unity.Netcode.Components", "Unity.Netcode.Components.csproj", "{f56c01c5-6231-b82c-ca59-bd62f2b4654a}"
EndProject
Project("{FAE04EC0-301F-11D3-BF4B-00C04F79EFBC}") = "Unity.Rider.Editor", "Unity.Rider.Editor.csproj", "{ef73c59d-fa12-6316-0360-940c3efe1865}"
EndProject
Project("{FAE04EC0-301F-11D3-BF4B-00C04F79EFBC}") = "PhotonUnityNetworking.Editor", "PhotonUnityNetworking.Editor.csproj", "{eaceac68-9cd0-33e0-371f-ef55bed4a827}"
EndProject
Project("{FAE04EC0-301F-11D3-BF4B-00C04F79EFBC}") = "Unity.InternalAPIEditorBridge.001", "Unity.InternalAPIEditorBridge.001.csproj", "{4ecf0489-b1bf-b393-bbe9-e8254db475bc}"
EndProject
Project("{FAE04EC0-301F-11D3-BF4B-00C04F79EFBC}") = "Unity.ResourceManager", "Unity.ResourceManager.csproj", "{ad50f9fb-964e-ade9-2aa7-8fdf3be5f10a}"
EndProject
Project("{FAE04EC0-301F-11D3-BF4B-00C04F79EFBC}") = "Unity.Netcode.Runtime", "Unity.Netcode.Runtime.csproj", "{90d11b20-c29c-66b2-dd9d-3a1271f79171}"
EndProject
Project("{FAE04EC0-301F-11D3-BF4B-00C04F79EFBC}") = "Unity.Netcode.Editor.CodeGen", "Unity.Netcode.Editor.CodeGen.csproj", "{ba5f83f2-0545-bdc8-1669-5e22aa99ecb9}"
EndProject
Project("{FAE04EC0-301F-11D3-BF4B-00C04F79EFBC}") = "Unity.2D.SpriteShape.Runtime", "Unity.2D.SpriteShape.Runtime.csproj", "{6afe0e1f-8897-7d51-a071-9d078a1db55e}"
EndProject
Project("{FAE04EC0-301F-11D3-BF4B-00C04F79EFBC}") = "Unity.Addressables", "Unity.Addressables.csproj", "{880911f1-f4d7-f382-0dc9-6e5f1a2c29c8}"
EndProject
Project("{FAE04EC0-301F-11D3-BF4B-00C04F79EFBC}") = "Unity.AI.Navigation.Editor.ConversionSystem", "Unity.AI.Navigation.Editor.ConversionSystem.csproj", "{7f5d7062-0c75-5f2d-81c3-b618132680fa}"
EndProject
Project("{FAE04EC0-301F-11D3-BF4B-00C04F79EFBC}") = "Unity.VisualScripting.State.Editor", "Unity.VisualScripting.State.Editor.csproj", "{62ba3dee-f184-0405-424c-94f999b128d7}"
EndProject
Project("{FAE04EC0-301F-11D3-BF4B-00C04F79EFBC}") = "com.unity.cinemachine.editor", "com.unity.cinemachine.editor.csproj", "{18f38e68-ecd3-a068-9d14-8516cf412928}"
EndProject
Project("{FAE04EC0-301F-11D3-BF4B-00C04F79EFBC}") = "Unity.Burst.CodeGen", "Unity.Burst.CodeGen.csproj", "{9e6dba79-3aa9-0426-e982-e9acef416959}"
EndProject
Project("{FAE04EC0-301F-11D3-BF4B-00C04F79EFBC}") = "PhotonUnityNetworking", "PhotonUnityNetworking.csproj", "{90e5062b-8b5e-32dc-67f1-6ebc0c4a4a42}"
EndProject
Project("{FAE04EC0-301F-11D3-BF4B-00C04F79EFBC}") = "Unity.AI.Navigation", "Unity.AI.Navigation.csproj", "{58ddf048-537b-5abe-f17d-4c8fdc191c54}"
EndProject
Project("{FAE04EC0-301F-11D3-BF4B-00C04F79EFBC}") = "Unity.VisualScripting.State", "Unity.VisualScripting.State.csproj", "{a625e0d0-7502-56ed-3f17-42c452f74dbb}"
EndProject
Project("{FAE04EC0-301F-11D3-BF4B-00C04F79EFBC}") = "Unity.TextMeshPro", "Unity.TextMeshPro.csproj", "{4c19b543-841a-2353-35f9-bcaf3204ac9f}"
EndProject
Project("{FAE04EC0-301F-11D3-BF4B-00C04F79EFBC}") = "Unity.2D.Tilemap.Extras.Editor", "Unity.2D.Tilemap.Extras.Editor.csproj", "{8eb33626-e716-26b2-0873-9bb2508e49b1}"
EndProject
Project("{FAE04EC0-301F-11D3-BF4B-00C04F79EFBC}") = "Unity.InternalAPIEngineBridge.013", "Unity.InternalAPIEngineBridge.013.csproj", "{ec6b6715-7309-6a93-df42-0c23bda1993b}"
EndProject
Project("{FAE04EC0-301F-11D3-BF4B-00C04F79EFBC}") = "StreamChat.EditorTools", "StreamChat.EditorTools.csproj", "{0b60cf45-7e59-5c34-9d1e-69511a80ab07}"
EndProject
Project("{FAE04EC0-301F-11D3-BF4B-00C04F79EFBC}") = "Unity.2D.Animation.Runtime", "Unity.2D.Animation.Runtime.csproj", "{fd7f0878-22db-0b1a-aabf-820b30f342cf}"
EndProject
Project("{FAE04EC0-301F-11D3-BF4B-00C04F79EFBC}") = "Unity.VisualScripting.SettingsProvider.Editor", "Unity.VisualScripting.SettingsProvider.Editor.csproj", "{e0242c42-19f4-8458-1ec2-3b242c214a61}"
EndProject
Project("{FAE04EC0-301F-11D3-BF4B-00C04F79EFBC}") = "Unity.VSCode.Editor", "Unity.VSCode.Editor.csproj", "{5d3050ab-3a4b-4a90-1ae9-8f796995fe43}"
EndProject
Project("{FAE04EC0-301F-11D3-BF4B-00C04F79EFBC}") = "Unity.2D.IK.Editor", "Unity.2D.IK.Editor.csproj", "{45b4b74e-4706-37ff-fe72-91f5bd9f71ec}"
EndProject
Project("{FAE04EC0-301F-11D3-BF4B-00C04F79EFBC}") = "PhotonUnityNetworking.Demos", "PhotonUnityNetworking.Demos.csproj", "{cd524d61-0285-f391-3bd8-8154ef6e0aa4}"
EndProject
Project("{FAE04EC0-301F-11D3-BF4B-00C04F79EFBC}") = "Unity.InternalAPIEngineBridge.001", "Unity.InternalAPIEngineBridge.001.csproj", "{2e64908d-86fa-a75b-b470-61014cc755c0}"
EndProject
Project("{FAE04EC0-301F-11D3-BF4B-00C04F79EFBC}") = "Unity.Networking.Transport", "Unity.Networking.Transport.csproj", "{aa75b76f-5076-b436-06a2-c7f0a71d819a}"
EndProject
Project("{FAE04EC0-301F-11D3-BF4B-00C04F79EFBC}") = "Unity.2D.Aseprite.Common", "Unity.2D.Aseprite.Common.csproj", "{b6cdb71b-cd09-583f-0af2-e03eaacbe915}"
EndProject
Project("{FAE04EC0-301F-11D3-BF4B-00C04F79EFBC}") = "Unity.Burst.Editor", "Unity.Burst.Editor.csproj", "{cd98115b-6fa1-cbb3-b4a0-c42bdad91e2c}"
EndProject
Project("{FAE04EC0-301F-11D3-BF4B-00C04F79EFBC}") = "Assembly-CSharp-Editor", "Assembly-CSharp-Editor.csproj", "{cc3a262c-8420-ae5b-3285-8490b5c037a5}"
EndProject
Project("{FAE04EC0-301F-11D3-BF4B-00C04F79EFBC}") = "Unity.2D.Common.Editor", "Unity.2D.Common.Editor.csproj", "{72f29d7e-3074-61e5-6938-1789982c82bd}"
EndProject
Project("{FAE04EC0-301F-11D3-BF4B-00C04F79EFBC}") = "Unity.AI.Navigation.Updater", "Unity.AI.Navigation.Updater.csproj", "{0e3d995c-7b4a-0735-c56b-1fceb32ba8e7}"
EndProject
Project("{FAE04EC0-301F-11D3-BF4B-00C04F79EFBC}") = "Unity.InternalAPIEditorBridge.013", "Unity.InternalAPIEditorBridge.013.csproj", "{feb96620-04d7-90cc-f10a-b5c53f9623fb}"
EndProject
Project("{FAE04EC0-301F-11D3-BF4B-00C04F79EFBC}") = "StreamChat.Samples", "StreamChat.Samples.csproj", "{90c57f12-2465-eb0b-bfd6-8e67cdff9908}"
EndProject
Project("{FAE04EC0-301F-11D3-BF4B-00C04F79EFBC}") = "PhotonUnityNetworking.Utilities.PhotonPlayer.Editor", "PhotonUnityNetworking.Utilities.PhotonPlayer.Editor.csproj", "{aaf1b93c-e5d6-a7e8-2e9d-d8937c9ddd33}"
EndProject
Project("{FAE04EC0-301F-11D3-BF4B-00C04F79EFBC}") = "Unity.Netcode.Editor", "Unity.Netcode.Editor.csproj", "{c553eb74-75dd-a754-a0fb-98af7abff5b6}"
EndProject
Project("{FAE04EC0-301F-11D3-BF4B-00C04F79EFBC}") = "Unity.2D.PixelPerfect", "Unity.2D.PixelPerfect.csproj", "{2e19588f-dafb-ab35-3bd0-0ef1886f527a}"
EndProject
Project("{FAE04EC0-301F-11D3-BF4B-00C04F79EFBC}") = "Unity.Networking.Editor", "Unity.Networking.Editor.csproj", "{2528c642-4f73-406b-1595-3733368a9a33}"
EndProject
Project("{FAE04EC0-301F-11D3-BF4B-00C04F79EFBC}") = "Unity.2D.PixelPerfect.Editor", "Unity.2D.PixelPerfect.Editor.csproj", "{f7b6a3dd-9d14-ec18-b305-7b8c09d8fda5}"
EndProject
Project("{FAE04EC0-301F-11D3-BF4B-00C04F79EFBC}") = "PhotonUnityNetworking.Utilities", "PhotonUnityNetworking.Utilities.csproj", "{45208215-c5f0-5fa2-30e4-8b172df82935}"
EndProject
Project("{FAE04EC0-301F-11D3-BF4B-00C04F79EFBC}") = "Unity.2D.Common.Runtime", "Unity.2D.Common.Runtime.csproj", "{9d3ea4b0-4777-757a-3ff8-5349d7965877}"
EndProject
Project("{FAE04EC0-301F-11D3-BF4B-00C04F79EFBC}") = "UnityEditor.CacheServer", "UnityEditor.CacheServer.csproj", "{e7a68e3b-5ead-039a-a8a0-939073fff1a2}"
EndProject
Project("{FAE04EC0-301F-11D3-BF4B-00C04F79EFBC}") = "Fusion.Unity", "Fusion.Unity.csproj", "{dd9d3da1-4eef-f019-dd08-8be479d2bc10}"
EndProject
Project("{FAE04EC0-301F-11D3-BF4B-00C04F79EFBC}") = "Unity.Mathematics.Editor", "Unity.Mathematics.Editor.csproj", "{ae1a6553-7b62-6cdc-5be3-7bf6f36b2815}"
EndProject
Project("{FAE04EC0-301F-11D3-BF4B-00C04F79EFBC}") = "Unity.2D.Tilemap.Extras", "Unity.2D.Tilemap.Extras.csproj", "{ee78eb86-55a4-5d52-ed59-032130dfe798}"
EndProject
Project("{FAE04EC0-301F-11D3-BF4B-00C04F79EFBC}") = "Unity.InternalAPIEditorBridge.005", "Unity.InternalAPIEditorBridge.005.csproj", "{0ccb1d34-4f36-53e3-098d-1b1e6634ef66}"
EndProject
Project("{FAE04EC0-301F-11D3-BF4B-00C04F79EFBC}") = "PunDemos.DemoHubEditor", "PunDemos.DemoHubEditor.csproj", "{fa25a4ba-f050-8031-ed6a-e75ab35a1eaf}"
EndProject
Project("{FAE04EC0-301F-11D3-BF4B-00C04F79EFBC}") = "Unity.VisualScripting.Shared.Editor", "Unity.VisualScripting.Shared.Editor.csproj", "{383f3841-703d-969c-2bd5-77acab30825d}"
EndProject
Project("{FAE04EC0-301F-11D3-BF4B-00C04F79EFBC}") = "PunDemos.DemoSlotcarEditor", "PunDemos.DemoSlotcarEditor.csproj", "{0db65670-72df-5061-d749-408bfa18f0b1}"
EndProject
Project("{FAE04EC0-301F-11D3-BF4B-00C04F79EFBC}") = "Unity.ScriptableBuildPipeline", "Unity.ScriptableBuildPipeline.csproj", "{f6c9fd8b-3868-3843-733e-8d475be3fa4c}"
EndProject
Project("{FAE04EC0-301F-11D3-BF4B-00C04F79EFBC}") = "Unity.Collections.DocCodeSamples", "Unity.Collections.DocCodeSamples.csproj", "{7c8f0927-67a3-9f6b-d794-3a25c7a13f1c}"
EndProject
Project("{FAE04EC0-301F-11D3-BF4B-00C04F79EFBC}") = "Unity.Fusion.CodeGen", "Unity.Fusion.CodeGen.csproj", "{64d3e70c-c59f-b4d7-6fec-bfcf80dbe3e7}"
EndProject
Project("{FAE04EC0-301F-11D3-BF4B-00C04F79EFBC}") = "PhotonUnityNetworking.Utilities.Culling.Editor", "PhotonUnityNetworking.Utilities.Culling.Editor.csproj", "{f5864894-dc17-e9b0-6781-9c440489313e}"
EndProject
Project("{FAE04EC0-301F-11D3-BF4B-00C04F79EFBC}") = "Unity.Collections.BurstCompatibilityGen", "Unity.Collections.BurstCompatibilityGen.csproj", "{70d51870-e093-38a1-0837-5edec5d8d083}"
EndProject
Project("{FAE04EC0-301F-11D3-BF4B-00C04F79EFBC}") = "Unity.CollabProxy.Editor", "Unity.CollabProxy.Editor.csproj", "{2fa5742a-122e-c96f-a4f5-45242c9ce88e}"
EndProject
Project("{FAE04EC0-301F-11D3-BF4B-00C04F79EFBC}") = "Unity.Netcode.Editor.PackageChecker", "Unity.Netcode.Editor.PackageChecker.csproj", "{02ac9bc9-cf00-a62f-2d04-976cb7521aaa}"
EndProject
Global
	GlobalSection(SolutionConfigurationPlatforms) = preSolution
		Debug|Any CPU = Debug|Any CPU
	EndGlobalSection
	GlobalSection(ProjectConfigurationPlatforms) = postSolution
		{db0ee3e4-de47-2fa5-6bcf-ede762baba72}.Debug|Any CPU.ActiveCfg = Debug|Any CPU
		{db0ee3e4-de47-2fa5-6bcf-ede762baba72}.Debug|Any CPU.Build.0 = Debug|Any CPU
		{7851c2d2-dfab-91ee-b94d-cf83cabe4478}.Debug|Any CPU.ActiveCfg = Debug|Any CPU
		{7851c2d2-dfab-91ee-b94d-cf83cabe4478}.Debug|Any CPU.Build.0 = Debug|Any CPU
		{dff07de5-b741-511f-f85b-018ea99cc9fd}.Debug|Any CPU.ActiveCfg = Debug|Any CPU
		{dff07de5-b741-511f-f85b-018ea99cc9fd}.Debug|Any CPU.Build.0 = Debug|Any CPU
		{918e621d-2c45-509d-a562-f4b390d8fb0a}.Debug|Any CPU.ActiveCfg = Debug|Any CPU
		{918e621d-2c45-509d-a562-f4b390d8fb0a}.Debug|Any CPU.Build.0 = Debug|Any CPU
		{75a447f3-4592-975d-45de-380665801273}.Debug|Any CPU.ActiveCfg = Debug|Any CPU
		{75a447f3-4592-975d-45de-380665801273}.Debug|Any CPU.Build.0 = Debug|Any CPU
		{c187491f-5e76-1218-75f6-d10a314b9aa5}.Debug|Any CPU.ActiveCfg = Debug|Any CPU
		{c187491f-5e76-1218-75f6-d10a314b9aa5}.Debug|Any CPU.Build.0 = Debug|Any CPU
		{337a9331-98f4-e0dd-1002-5af0275e0d7f}.Debug|Any CPU.ActiveCfg = Debug|Any CPU
		{337a9331-98f4-e0dd-1002-5af0275e0d7f}.Debug|Any CPU.Build.0 = Debug|Any CPU
		{408f1560-f94f-833a-6671-bf4bf91fb1b7}.Debug|Any CPU.ActiveCfg = Debug|Any CPU
		{408f1560-f94f-833a-6671-bf4bf91fb1b7}.Debug|Any CPU.Build.0 = Debug|Any CPU
		{abe4fcb6-44de-a923-253c-2e598b4ef9a4}.Debug|Any CPU.ActiveCfg = Debug|Any CPU
		{abe4fcb6-44de-a923-253c-2e598b4ef9a4}.Debug|Any CPU.Build.0 = Debug|Any CPU
		{c514021f-81eb-a0ab-586d-130967a3baa6}.Debug|Any CPU.ActiveCfg = Debug|Any CPU
		{c514021f-81eb-a0ab-586d-130967a3baa6}.Debug|Any CPU.Build.0 = Debug|Any CPU
		{5b6bb5f8-52f9-b753-eca9-ffc68bb30d3d}.Debug|Any CPU.ActiveCfg = Debug|Any CPU
		{5b6bb5f8-52f9-b753-eca9-ffc68bb30d3d}.Debug|Any CPU.Build.0 = Debug|Any CPU
		{c85b5d9b-44f4-099b-3c56-2155b748eba1}.Debug|Any CPU.ActiveCfg = Debug|Any CPU
		{c85b5d9b-44f4-099b-3c56-2155b748eba1}.Debug|Any CPU.Build.0 = Debug|Any CPU
		{e628f587-d77a-c927-c93d-ae8a001952d8}.Debug|Any CPU.ActiveCfg = Debug|Any CPU
		{e628f587-d77a-c927-c93d-ae8a001952d8}.Debug|Any CPU.Build.0 = Debug|Any CPU
		{2111a548-54c9-d331-8260-46b1333da697}.Debug|Any CPU.ActiveCfg = Debug|Any CPU
		{2111a548-54c9-d331-8260-46b1333da697}.Debug|Any CPU.Build.0 = Debug|Any CPU
		{45ef0502-332d-e274-5e29-0aae13ca2597}.Debug|Any CPU.ActiveCfg = Debug|Any CPU
		{45ef0502-332d-e274-5e29-0aae13ca2597}.Debug|Any CPU.Build.0 = Debug|Any CPU
		{21716749-4511-1bb7-7c01-1a60433723ec}.Debug|Any CPU.ActiveCfg = Debug|Any CPU
		{21716749-4511-1bb7-7c01-1a60433723ec}.Debug|Any CPU.Build.0 = Debug|Any CPU
		{328b6bcb-c0fa-b82e-5a95-2d4442863f11}.Debug|Any CPU.ActiveCfg = Debug|Any CPU
		{328b6bcb-c0fa-b82e-5a95-2d4442863f11}.Debug|Any CPU.Build.0 = Debug|Any CPU
		{06e5dfc0-9767-560d-54f6-c2698e6eb1c6}.Debug|Any CPU.ActiveCfg = Debug|Any CPU
		{06e5dfc0-9767-560d-54f6-c2698e6eb1c6}.Debug|Any CPU.Build.0 = Debug|Any CPU
		{2fb98402-3afa-16c4-edfd-5622e76d3e95}.Debug|Any CPU.ActiveCfg = Debug|Any CPU
		{2fb98402-3afa-16c4-edfd-5622e76d3e95}.Debug|Any CPU.Build.0 = Debug|Any CPU
		{019be17f-49db-e213-bc1d-bc21ebdc3a3e}.Debug|Any CPU.ActiveCfg = Debug|Any CPU
		{019be17f-49db-e213-bc1d-bc21ebdc3a3e}.Debug|Any CPU.Build.0 = Debug|Any CPU
		{4e8722fb-35bf-e891-445b-838e8080bc6a}.Debug|Any CPU.ActiveCfg = Debug|Any CPU
		{4e8722fb-35bf-e891-445b-838e8080bc6a}.Debug|Any CPU.Build.0 = Debug|Any CPU
		{ad777a38-1b42-0bd9-22a8-53052b885db6}.Debug|Any CPU.ActiveCfg = Debug|Any CPU
		{ad777a38-1b42-0bd9-22a8-53052b885db6}.Debug|Any CPU.Build.0 = Debug|Any CPU
		{18a84375-c95b-cf90-bdc4-86b5957d7368}.Debug|Any CPU.ActiveCfg = Debug|Any CPU
		{18a84375-c95b-cf90-bdc4-86b5957d7368}.Debug|Any CPU.Build.0 = Debug|Any CPU
		{9305f469-d54b-6875-5628-a5056d35b946}.Debug|Any CPU.ActiveCfg = Debug|Any CPU
		{9305f469-d54b-6875-5628-a5056d35b946}.Debug|Any CPU.Build.0 = Debug|Any CPU
		{fc11d0d3-e95b-d0ff-e964-f0861ec24c09}.Debug|Any CPU.ActiveCfg = Debug|Any CPU
		{fc11d0d3-e95b-d0ff-e964-f0861ec24c09}.Debug|Any CPU.Build.0 = Debug|Any CPU
		{722763a1-131b-e711-9082-4deb724e2cff}.Debug|Any CPU.ActiveCfg = Debug|Any CPU
		{722763a1-131b-e711-9082-4deb724e2cff}.Debug|Any CPU.Build.0 = Debug|Any CPU
		{94804192-5e94-4ef3-f1f2-d5bc30a68f6d}.Debug|Any CPU.ActiveCfg = Debug|Any CPU
		{94804192-5e94-4ef3-f1f2-d5bc30a68f6d}.Debug|Any CPU.Build.0 = Debug|Any CPU
		{c9d081d3-eb48-596c-cbdf-ca06d7e1c5f4}.Debug|Any CPU.ActiveCfg = Debug|Any CPU
		{c9d081d3-eb48-596c-cbdf-ca06d7e1c5f4}.Debug|Any CPU.Build.0 = Debug|Any CPU
		{fdd770ec-2201-ebe9-5605-1221bbb08a14}.Debug|Any CPU.ActiveCfg = Debug|Any CPU
		{fdd770ec-2201-ebe9-5605-1221bbb08a14}.Debug|Any CPU.Build.0 = Debug|Any CPU
		{66e0fda2-c0c8-8be7-1249-ffd1d01f8d8a}.Debug|Any CPU.ActiveCfg = Debug|Any CPU
		{66e0fda2-c0c8-8be7-1249-ffd1d01f8d8a}.Debug|Any CPU.Build.0 = Debug|Any CPU
		{8fd5d488-28e8-c21b-3f54-75c32cf162ed}.Debug|Any CPU.ActiveCfg = Debug|Any CPU
		{8fd5d488-28e8-c21b-3f54-75c32cf162ed}.Debug|Any CPU.Build.0 = Debug|Any CPU
		{f5b37189-5261-83b6-8afc-f4bd6bcaa8c8}.Debug|Any CPU.ActiveCfg = Debug|Any CPU
		{f5b37189-5261-83b6-8afc-f4bd6bcaa8c8}.Debug|Any CPU.Build.0 = Debug|Any CPU
		{6c75fda5-e3e0-a26a-15fb-19806c30b4ac}.Debug|Any CPU.ActiveCfg = Debug|Any CPU
		{6c75fda5-e3e0-a26a-15fb-19806c30b4ac}.Debug|Any CPU.Build.0 = Debug|Any CPU
		{70db922e-2c1c-bd52-4fad-d4f2306412d8}.Debug|Any CPU.ActiveCfg = Debug|Any CPU
		{70db922e-2c1c-bd52-4fad-d4f2306412d8}.Debug|Any CPU.Build.0 = Debug|Any CPU
		{052cbe36-dfa4-666a-4087-b0d94deec294}.Debug|Any CPU.ActiveCfg = Debug|Any CPU
		{052cbe36-dfa4-666a-4087-b0d94deec294}.Debug|Any CPU.Build.0 = Debug|Any CPU
		{f56c01c5-6231-b82c-ca59-bd62f2b4654a}.Debug|Any CPU.ActiveCfg = Debug|Any CPU
		{f56c01c5-6231-b82c-ca59-bd62f2b4654a}.Debug|Any CPU.Build.0 = Debug|Any CPU
		{ef73c59d-fa12-6316-0360-940c3efe1865}.Debug|Any CPU.ActiveCfg = Debug|Any CPU
		{ef73c59d-fa12-6316-0360-940c3efe1865}.Debug|Any CPU.Build.0 = Debug|Any CPU
		{eaceac68-9cd0-33e0-371f-ef55bed4a827}.Debug|Any CPU.ActiveCfg = Debug|Any CPU
		{eaceac68-9cd0-33e0-371f-ef55bed4a827}.Debug|Any CPU.Build.0 = Debug|Any CPU
		{4ecf0489-b1bf-b393-bbe9-e8254db475bc}.Debug|Any CPU.ActiveCfg = Debug|Any CPU
		{4ecf0489-b1bf-b393-bbe9-e8254db475bc}.Debug|Any CPU.Build.0 = Debug|Any CPU
		{ad50f9fb-964e-ade9-2aa7-8fdf3be5f10a}.Debug|Any CPU.ActiveCfg = Debug|Any CPU
		{ad50f9fb-964e-ade9-2aa7-8fdf3be5f10a}.Debug|Any CPU.Build.0 = Debug|Any CPU
		{90d11b20-c29c-66b2-dd9d-3a1271f79171}.Debug|Any CPU.ActiveCfg = Debug|Any CPU
		{90d11b20-c29c-66b2-dd9d-3a1271f79171}.Debug|Any CPU.Build.0 = Debug|Any CPU
		{ba5f83f2-0545-bdc8-1669-5e22aa99ecb9}.Debug|Any CPU.ActiveCfg = Debug|Any CPU
		{ba5f83f2-0545-bdc8-1669-5e22aa99ecb9}.Debug|Any CPU.Build.0 = Debug|Any CPU
		{6afe0e1f-8897-7d51-a071-9d078a1db55e}.Debug|Any CPU.ActiveCfg = Debug|Any CPU
		{6afe0e1f-8897-7d51-a071-9d078a1db55e}.Debug|Any CPU.Build.0 = Debug|Any CPU
		{880911f1-f4d7-f382-0dc9-6e5f1a2c29c8}.Debug|Any CPU.ActiveCfg = Debug|Any CPU
		{880911f1-f4d7-f382-0dc9-6e5f1a2c29c8}.Debug|Any CPU.Build.0 = Debug|Any CPU
		{7f5d7062-0c75-5f2d-81c3-b618132680fa}.Debug|Any CPU.ActiveCfg = Debug|Any CPU
		{7f5d7062-0c75-5f2d-81c3-b618132680fa}.Debug|Any CPU.Build.0 = Debug|Any CPU
		{62ba3dee-f184-0405-424c-94f999b128d7}.Debug|Any CPU.ActiveCfg = Debug|Any CPU
		{62ba3dee-f184-0405-424c-94f999b128d7}.Debug|Any CPU.Build.0 = Debug|Any CPU
		{18f38e68-ecd3-a068-9d14-8516cf412928}.Debug|Any CPU.ActiveCfg = Debug|Any CPU
		{18f38e68-ecd3-a068-9d14-8516cf412928}.Debug|Any CPU.Build.0 = Debug|Any CPU
		{9e6dba79-3aa9-0426-e982-e9acef416959}.Debug|Any CPU.ActiveCfg = Debug|Any CPU
		{9e6dba79-3aa9-0426-e982-e9acef416959}.Debug|Any CPU.Build.0 = Debug|Any CPU
		{90e5062b-8b5e-32dc-67f1-6ebc0c4a4a42}.Debug|Any CPU.ActiveCfg = Debug|Any CPU
		{90e5062b-8b5e-32dc-67f1-6ebc0c4a4a42}.Debug|Any CPU.Build.0 = Debug|Any CPU
		{58ddf048-537b-5abe-f17d-4c8fdc191c54}.Debug|Any CPU.ActiveCfg = Debug|Any CPU
		{58ddf048-537b-5abe-f17d-4c8fdc191c54}.Debug|Any CPU.Build.0 = Debug|Any CPU
		{a625e0d0-7502-56ed-3f17-42c452f74dbb}.Debug|Any CPU.ActiveCfg = Debug|Any CPU
		{a625e0d0-7502-56ed-3f17-42c452f74dbb}.Debug|Any CPU.Build.0 = Debug|Any CPU
		{4c19b543-841a-2353-35f9-bcaf3204ac9f}.Debug|Any CPU.ActiveCfg = Debug|Any CPU
		{4c19b543-841a-2353-35f9-bcaf3204ac9f}.Debug|Any CPU.Build.0 = Debug|Any CPU
		{8eb33626-e716-26b2-0873-9bb2508e49b1}.Debug|Any CPU.ActiveCfg = Debug|Any CPU
		{8eb33626-e716-26b2-0873-9bb2508e49b1}.Debug|Any CPU.Build.0 = Debug|Any CPU
		{ec6b6715-7309-6a93-df42-0c23bda1993b}.Debug|Any CPU.ActiveCfg = Debug|Any CPU
		{ec6b6715-7309-6a93-df42-0c23bda1993b}.Debug|Any CPU.Build.0 = Debug|Any CPU
		{0b60cf45-7e59-5c34-9d1e-69511a80ab07}.Debug|Any CPU.ActiveCfg = Debug|Any CPU
		{0b60cf45-7e59-5c34-9d1e-69511a80ab07}.Debug|Any CPU.Build.0 = Debug|Any CPU
		{fd7f0878-22db-0b1a-aabf-820b30f342cf}.Debug|Any CPU.ActiveCfg = Debug|Any CPU
		{fd7f0878-22db-0b1a-aabf-820b30f342cf}.Debug|Any CPU.Build.0 = Debug|Any CPU
		{e0242c42-19f4-8458-1ec2-3b242c214a61}.Debug|Any CPU.ActiveCfg = Debug|Any CPU
		{e0242c42-19f4-8458-1ec2-3b242c214a61}.Debug|Any CPU.Build.0 = Debug|Any CPU
		{5d3050ab-3a4b-4a90-1ae9-8f796995fe43}.Debug|Any CPU.ActiveCfg = Debug|Any CPU
		{5d3050ab-3a4b-4a90-1ae9-8f796995fe43}.Debug|Any CPU.Build.0 = Debug|Any CPU
		{45b4b74e-4706-37ff-fe72-91f5bd9f71ec}.Debug|Any CPU.ActiveCfg = Debug|Any CPU
		{45b4b74e-4706-37ff-fe72-91f5bd9f71ec}.Debug|Any CPU.Build.0 = Debug|Any CPU
		{cd524d61-0285-f391-3bd8-8154ef6e0aa4}.Debug|Any CPU.ActiveCfg = Debug|Any CPU
		{cd524d61-0285-f391-3bd8-8154ef6e0aa4}.Debug|Any CPU.Build.0 = Debug|Any CPU
		{2e64908d-86fa-a75b-b470-61014cc755c0}.Debug|Any CPU.ActiveCfg = Debug|Any CPU
		{2e64908d-86fa-a75b-b470-61014cc755c0}.Debug|Any CPU.Build.0 = Debug|Any CPU
		{aa75b76f-5076-b436-06a2-c7f0a71d819a}.Debug|Any CPU.ActiveCfg = Debug|Any CPU
		{aa75b76f-5076-b436-06a2-c7f0a71d819a}.Debug|Any CPU.Build.0 = Debug|Any CPU
		{b6cdb71b-cd09-583f-0af2-e03eaacbe915}.Debug|Any CPU.ActiveCfg = Debug|Any CPU
		{b6cdb71b-cd09-583f-0af2-e03eaacbe915}.Debug|Any CPU.Build.0 = Debug|Any CPU
		{cd98115b-6fa1-cbb3-b4a0-c42bdad91e2c}.Debug|Any CPU.ActiveCfg = Debug|Any CPU
		{cd98115b-6fa1-cbb3-b4a0-c42bdad91e2c}.Debug|Any CPU.Build.0 = Debug|Any CPU
		{cc3a262c-8420-ae5b-3285-8490b5c037a5}.Debug|Any CPU.ActiveCfg = Debug|Any CPU
		{cc3a262c-8420-ae5b-3285-8490b5c037a5}.Debug|Any CPU.Build.0 = Debug|Any CPU
		{72f29d7e-3074-61e5-6938-1789982c82bd}.Debug|Any CPU.ActiveCfg = Debug|Any CPU
		{72f29d7e-3074-61e5-6938-1789982c82bd}.Debug|Any CPU.Build.0 = Debug|Any CPU
		{0e3d995c-7b4a-0735-c56b-1fceb32ba8e7}.Debug|Any CPU.ActiveCfg = Debug|Any CPU
		{0e3d995c-7b4a-0735-c56b-1fceb32ba8e7}.Debug|Any CPU.Build.0 = Debug|Any CPU
		{feb96620-04d7-90cc-f10a-b5c53f9623fb}.Debug|Any CPU.ActiveCfg = Debug|Any CPU
		{feb96620-04d7-90cc-f10a-b5c53f9623fb}.Debug|Any CPU.Build.0 = Debug|Any CPU
		{90c57f12-2465-eb0b-bfd6-8e67cdff9908}.Debug|Any CPU.ActiveCfg = Debug|Any CPU
		{90c57f12-2465-eb0b-bfd6-8e67cdff9908}.Debug|Any CPU.Build.0 = Debug|Any CPU
		{aaf1b93c-e5d6-a7e8-2e9d-d8937c9ddd33}.Debug|Any CPU.ActiveCfg = Debug|Any CPU
		{aaf1b93c-e5d6-a7e8-2e9d-d8937c9ddd33}.Debug|Any CPU.Build.0 = Debug|Any CPU
		{c553eb74-75dd-a754-a0fb-98af7abff5b6}.Debug|Any CPU.ActiveCfg = Debug|Any CPU
		{c553eb74-75dd-a754-a0fb-98af7abff5b6}.Debug|Any CPU.Build.0 = Debug|Any CPU
		{2e19588f-dafb-ab35-3bd0-0ef1886f527a}.Debug|Any CPU.ActiveCfg = Debug|Any CPU
		{2e19588f-dafb-ab35-3bd0-0ef1886f527a}.Debug|Any CPU.Build.0 = Debug|Any CPU
		{2528c642-4f73-406b-1595-3733368a9a33}.Debug|Any CPU.ActiveCfg = Debug|Any CPU
		{2528c642-4f73-406b-1595-3733368a9a33}.Debug|Any CPU.Build.0 = Debug|Any CPU
		{f7b6a3dd-9d14-ec18-b305-7b8c09d8fda5}.Debug|Any CPU.ActiveCfg = Debug|Any CPU
		{f7b6a3dd-9d14-ec18-b305-7b8c09d8fda5}.Debug|Any CPU.Build.0 = Debug|Any CPU
		{45208215-c5f0-5fa2-30e4-8b172df82935}.Debug|Any CPU.ActiveCfg = Debug|Any CPU
		{45208215-c5f0-5fa2-30e4-8b172df82935}.Debug|Any CPU.Build.0 = Debug|Any CPU
		{9d3ea4b0-4777-757a-3ff8-5349d7965877}.Debug|Any CPU.ActiveCfg = Debug|Any CPU
		{9d3ea4b0-4777-757a-3ff8-5349d7965877}.Debug|Any CPU.Build.0 = Debug|Any CPU
		{e7a68e3b-5ead-039a-a8a0-939073fff1a2}.Debug|Any CPU.ActiveCfg = Debug|Any CPU
		{e7a68e3b-5ead-039a-a8a0-939073fff1a2}.Debug|Any CPU.Build.0 = Debug|Any CPU
		{dd9d3da1-4eef-f019-dd08-8be479d2bc10}.Debug|Any CPU.ActiveCfg = Debug|Any CPU
		{dd9d3da1-4eef-f019-dd08-8be479d2bc10}.Debug|Any CPU.Build.0 = Debug|Any CPU
		{ae1a6553-7b62-6cdc-5be3-7bf6f36b2815}.Debug|Any CPU.ActiveCfg = Debug|Any CPU
		{ae1a6553-7b62-6cdc-5be3-7bf6f36b2815}.Debug|Any CPU.Build.0 = Debug|Any CPU
		{ee78eb86-55a4-5d52-ed59-032130dfe798}.Debug|Any CPU.ActiveCfg = Debug|Any CPU
		{ee78eb86-55a4-5d52-ed59-032130dfe798}.Debug|Any CPU.Build.0 = Debug|Any CPU
		{0ccb1d34-4f36-53e3-098d-1b1e6634ef66}.Debug|Any CPU.ActiveCfg = Debug|Any CPU
		{0ccb1d34-4f36-53e3-098d-1b1e6634ef66}.Debug|Any CPU.Build.0 = Debug|Any CPU
		{fa25a4ba-f050-8031-ed6a-e75ab35a1eaf}.Debug|Any CPU.ActiveCfg = Debug|Any CPU
		{fa25a4ba-f050-8031-ed6a-e75ab35a1eaf}.Debug|Any CPU.Build.0 = Debug|Any CPU
		{383f3841-703d-969c-2bd5-77acab30825d}.Debug|Any CPU.ActiveCfg = Debug|Any CPU
		{383f3841-703d-969c-2bd5-77acab30825d}.Debug|Any CPU.Build.0 = Debug|Any CPU
		{0db65670-72df-5061-d749-408bfa18f0b1}.Debug|Any CPU.ActiveCfg = Debug|Any CPU
		{0db65670-72df-5061-d749-408bfa18f0b1}.Debug|Any CPU.Build.0 = Debug|Any CPU
		{f6c9fd8b-3868-3843-733e-8d475be3fa4c}.Debug|Any CPU.ActiveCfg = Debug|Any CPU
		{f6c9fd8b-3868-3843-733e-8d475be3fa4c}.Debug|Any CPU.Build.0 = Debug|Any CPU
		{7c8f0927-67a3-9f6b-d794-3a25c7a13f1c}.Debug|Any CPU.ActiveCfg = Debug|Any CPU
		{7c8f0927-67a3-9f6b-d794-3a25c7a13f1c}.Debug|Any CPU.Build.0 = Debug|Any CPU
		{64d3e70c-c59f-b4d7-6fec-bfcf80dbe3e7}.Debug|Any CPU.ActiveCfg = Debug|Any CPU
		{64d3e70c-c59f-b4d7-6fec-bfcf80dbe3e7}.Debug|Any CPU.Build.0 = Debug|Any CPU
		{f5864894-dc17-e9b0-6781-9c440489313e}.Debug|Any CPU.ActiveCfg = Debug|Any CPU
		{f5864894-dc17-e9b0-6781-9c440489313e}.Debug|Any CPU.Build.0 = Debug|Any CPU
		{70d51870-e093-38a1-0837-5edec5d8d083}.Debug|Any CPU.ActiveCfg = Debug|Any CPU
		{70d51870-e093-38a1-0837-5edec5d8d083}.Debug|Any CPU.Build.0 = Debug|Any CPU
		{2fa5742a-122e-c96f-a4f5-45242c9ce88e}.Debug|Any CPU.ActiveCfg = Debug|Any CPU
		{2fa5742a-122e-c96f-a4f5-45242c9ce88e}.Debug|Any CPU.Build.0 = Debug|Any CPU
		{02ac9bc9-cf00-a62f-2d04-976cb7521aaa}.Debug|Any CPU.ActiveCfg = Debug|Any CPU
		{02ac9bc9-cf00-a62f-2d04-976cb7521aaa}.Debug|Any CPU.Build.0 = Debug|Any CPU
	EndGlobalSection
	GlobalSection(SolutionProperties) = preSolution
		HideSolutionNode = FALSE
	EndGlobalSection
EndGlobal
